
Microsoft Visual Studio Solution File, Format Version 12.00
# Visual Studio Version 17
VisualStudioVersion = 17.0.31903.59
MinimumVisualStudioVersion = 10.0.40219.1
Project("{FAE04EC0-301F-11D3-BF4B-00C04F79EFBC}") = "FileCleanupApp", "FileCleanupApp\FileCleanupApp.csproj", "{4045D0C9-DA9A-4E6D-B08D-F9E4C053E1AD}"
EndProject
Project("{FAE04EC0-301F-11D3-BF4B-00C04F79EFBC}") = "FileLibrary", "FileLibrary\FileLibrary.csproj", "{1BD23A9C-4046-403B-8B21-02C49A3220F2}"
EndProject
Global
	GlobalSection(SolutionConfigurationPlatforms) = preSolution
		Debug|Any CPU = Debug|Any CPU
		Release|Any CPU = Release|Any CPU
	EndGlobalSection
	GlobalSection(SolutionProperties) = preSolution
		HideSolutionNode = FALSE
	EndGlobalSection
	GlobalSection(ProjectConfigurationPlatforms) = postSolution
		{4045D0C9-DA9A-4E6D-B08D-F9E4C053E1AD}.Debug|Any CPU.ActiveCfg = Debug|Any CPU
		{4045D0C9-DA9A-4E6D-B08D-F9E4C053E1AD}.Debug|Any CPU.Build.0 = Debug|Any CPU
		{4045D0C9-DA9A-4E6D-B08D-F9E4C053E1AD}.Release|Any CPU.ActiveCfg = Release|Any CPU
		{4045D0C9-DA9A-4E6D-B08D-F9E4C053E1AD}.Release|Any CPU.Build.0 = Release|Any CPU
		{1BD23A9C-4046-403B-8B21-02C49A3220F2}.Debug|Any CPU.ActiveCfg = Debug|Any CPU
		{1BD23A9C-4046-403B-8B21-02C49A3220F2}.Debug|Any CPU.Build.0 = Debug|Any CPU
		{1BD23A9C-4046-403B-8B21-02C49A3220F2}.Release|Any CPU.ActiveCfg = Release|Any CPU
		{1BD23A9C-4046-403B-8B21-02C49A3220F2}.Release|Any CPU.Build.0 = Release|Any CPU
	EndGlobalSection
EndGlobal
